// !$*UTF8*$!
{
	archiveVersion = 1;
	classes = {
	};
	objectVersion = 50;
	objects = {

/* Begin PBXBuildFile section */
		5B3C067E25F078AB00D426F9 /* AutoLoginCtr.swift in Sources */ = {isa = PBXBuildFile; fileRef = 5B3C067C25F078AA00D426F9 /* AutoLoginCtr.swift */; };
		5B3C067F25F078AB00D426F9 /* AutoLoginCtr.xib in Resources */ = {isa = PBXBuildFile; fileRef = 5B3C067D25F078AA00D426F9 /* AutoLoginCtr.xib */; };
		5B3C068825F0865300D426F9 /* KeysTool.swift in Sources */ = {isa = PBXBuildFile; fileRef = 5B3C068725F0865300D426F9 /* KeysTool.swift */; };
		5B3C069025F08AE100D426F9 /* XMNetWorkTool.swift in Sources */ = {isa = PBXBuildFile; fileRef = 5B3C068F25F08AE100D426F9 /* XMNetWorkTool.swift */; };
		5B3C06A325F0EE9600D426F9 /* UserCountManager.swift in Sources */ = {isa = PBXBuildFile; fileRef = 5B3C06A225F0EE9600D426F9 /* UserCountManager.swift */; };
		5B3C06A825F1D77300D426F9 /* WelcomeCtr.swift in Sources */ = {isa = PBXBuildFile; fileRef = 5B3C06A625F1D77300D426F9 /* WelcomeCtr.swift */; };
		5B3C06A925F1D77300D426F9 /* WelcomeCtr.xib in Resources */ = {isa = PBXBuildFile; fileRef = 5B3C06A725F1D77300D426F9 /* WelcomeCtr.xib */; };
		5B4D0CB225EE52F700F516D4 /* Then.swift in Sources */ = {isa = PBXBuildFile; fileRef = 5B4D0CB125EE52F700F516D4 /* Then.swift */; };
		5B4DF18125EE2693000FB250 /* UIBarItemExtension.swift in Sources */ = {isa = PBXBuildFile; fileRef = 5B4DF18025EE2693000FB250 /* UIBarItemExtension.swift */; };
		5B4DF18425EE290B000FB250 /* XMRightImgBtn.swift in Sources */ = {isa = PBXBuildFile; fileRef = 5B4DF18325EE290B000FB250 /* XMRightImgBtn.swift */; };
		5B4DF18A25EE3038000FB250 /* PopViewCtr.swift in Sources */ = {isa = PBXBuildFile; fileRef = 5B4DF18825EE3038000FB250 /* PopViewCtr.swift */; };
		5B4DF18B25EE3038000FB250 /* PopViewCtr.xib in Resources */ = {isa = PBXBuildFile; fileRef = 5B4DF18925EE3038000FB250 /* PopViewCtr.xib */; };
		5B4DF18E25EE32B5000FB250 /* PopTransitioning.swift in Sources */ = {isa = PBXBuildFile; fileRef = 5B4DF18D25EE32B5000FB250 /* PopTransitioning.swift */; };
		5B4DF19125EE33E7000FB250 /* PopPresentationCtr.swift in Sources */ = {isa = PBXBuildFile; fileRef = 5B4DF19025EE33E7000FB250 /* PopPresentationCtr.swift */; };
		8437049725EB4AC10011C53D /* XMTool.swift in Sources */ = {isa = PBXBuildFile; fileRef = 8437049525EB4AC10011C53D /* XMTool.swift */; };
		8437049A25EB50EF0011C53D /* XMTabBarCtr.swift in Sources */ = {isa = PBXBuildFile; fileRef = 8437049925EB50EF0011C53D /* XMTabBarCtr.swift */; };
		843704A325EB551A0011C53D /* HomeTableCtr.swift in Sources */ = {isa = PBXBuildFile; fileRef = 843704A225EB551A0011C53D /* HomeTableCtr.swift */; };
		843704A725EB55330011C53D /* DiscoverTableCtr.swift in Sources */ = {isa = PBXBuildFile; fileRef = 843704A625EB55330011C53D /* DiscoverTableCtr.swift */; };
		843704AA25EB554E0011C53D /* ProfileTableCtr.swift in Sources */ = {isa = PBXBuildFile; fileRef = 843704A925EB554E0011C53D /* ProfileTableCtr.swift */; };
		843704AD25EB61920011C53D /* config.json in Resources */ = {isa = PBXBuildFile; fileRef = 843704AC25EB61920011C53D /* config.json */; };
		843704B125EB62900011C53D /* MsgTableCtr.swift in Sources */ = {isa = PBXBuildFile; fileRef = 843704B025EB62900011C53D /* MsgTableCtr.swift */; };
		843704CA25EB94090011C53D /* XMStroyBordTbBar.swift in Sources */ = {isa = PBXBuildFile; fileRef = 843704C925EB94090011C53D /* XMStroyBordTbBar.swift */; };
		843704DE25EBA8980011C53D /* Msg.storyboard in Resources */ = {isa = PBXBuildFile; fileRef = 843704DD25EBA8980011C53D /* Msg.storyboard */; };
		843704E125EBA8AF0011C53D /* Home.storyboard in Resources */ = {isa = PBXBuildFile; fileRef = 843704E025EBA8AF0011C53D /* Home.storyboard */; };
		843704E425EBA8E30011C53D /* Profile.storyboard in Resources */ = {isa = PBXBuildFile; fileRef = 843704E325EBA8E30011C53D /* Profile.storyboard */; };
		843704E725EBA8EC0011C53D /* DISCOVER.storyboard in Resources */ = {isa = PBXBuildFile; fileRef = 843704E625EBA8EC0011C53D /* DISCOVER.storyboard */; };
		843704EB25EC88D70011C53D /* XMBaseTableCtr.swift in Sources */ = {isa = PBXBuildFile; fileRef = 843704E925EC88D70011C53D /* XMBaseTableCtr.swift */; };
		843704F025EC8B7E0011C53D /* XMBaseVistorView.swift in Sources */ = {isa = PBXBuildFile; fileRef = 843704EF25EC8B7E0011C53D /* XMBaseVistorView.swift */; };
		843704F325EC8B930011C53D /* XMBaseVistorView.xib in Resources */ = {isa = PBXBuildFile; fileRef = 843704F225EC8B930011C53D /* XMBaseVistorView.xib */; };
		84F5001725E901D50096DA8B /* AppDelegate.swift in Sources */ = {isa = PBXBuildFile; fileRef = 84F5001625E901D50096DA8B /* AppDelegate.swift */; };
		84F5001925E901D50096DA8B /* SceneDelegate.swift in Sources */ = {isa = PBXBuildFile; fileRef = 84F5001825E901D50096DA8B /* SceneDelegate.swift */; };
		84F5001E25E901D50096DA8B /* Main.storyboard in Resources */ = {isa = PBXBuildFile; fileRef = 84F5001C25E901D50096DA8B /* Main.storyboard */; };
		84F5002025E901D50096DA8B /* Assets.xcassets in Resources */ = {isa = PBXBuildFile; fileRef = 84F5001F25E901D50096DA8B /* Assets.xcassets */; };
		84F5002325E901D50096DA8B /* LaunchScreen.storyboard in Resources */ = {isa = PBXBuildFile; fileRef = 84F5002125E901D50096DA8B /* LaunchScreen.storyboard */; };
		BEFCAE8142BC86147285C2C9 /* Pods_sinaDemo.framework in Frameworks */ = {isa = PBXBuildFile; fileRef = BDB6218A5BF452E1E1893881 /* Pods_sinaDemo.framework */; };
/* End PBXBuildFile section */

/* Begin PBXFileReference section */
		5B3C067C25F078AA00D426F9 /* AutoLoginCtr.swift */ = {isa = PBXFileReference; lastKnownFileType = sourcecode.swift; path = AutoLoginCtr.swift; sourceTree = "<group>"; };
		5B3C067D25F078AA00D426F9 /* AutoLoginCtr.xib */ = {isa = PBXFileReference; lastKnownFileType = file.xib; path = AutoLoginCtr.xib; sourceTree = "<group>"; };
		5B3C068725F0865300D426F9 /* KeysTool.swift */ = {isa = PBXFileReference; lastKnownFileType = sourcecode.swift; path = KeysTool.swift; sourceTree = "<group>"; };
		5B3C068F25F08AE100D426F9 /* XMNetWorkTool.swift */ = {isa = PBXFileReference; lastKnownFileType = sourcecode.swift; path = XMNetWorkTool.swift; sourceTree = "<group>"; };
		5B3C06A225F0EE9600D426F9 /* UserCountManager.swift */ = {isa = PBXFileReference; lastKnownFileType = sourcecode.swift; path = UserCountManager.swift; sourceTree = "<group>"; };
		5B3C06A625F1D77300D426F9 /* WelcomeCtr.swift */ = {isa = PBXFileReference; lastKnownFileType = sourcecode.swift; path = WelcomeCtr.swift; sourceTree = "<group>"; };
		5B3C06A725F1D77300D426F9 /* WelcomeCtr.xib */ = {isa = PBXFileReference; lastKnownFileType = file.xib; path = WelcomeCtr.xib; sourceTree = "<group>"; };
		5B4D0CB125EE52F700F516D4 /* Then.swift */ = {isa = PBXFileReference; lastKnownFileType = sourcecode.swift; path = Then.swift; sourceTree = "<group>"; };
		5B4DF18025EE2693000FB250 /* UIBarItemExtension.swift */ = {isa = PBXFileReference; lastKnownFileType = sourcecode.swift; path = UIBarItemExtension.swift; sourceTree = "<group>"; };
		5B4DF18325EE290B000FB250 /* XMRightImgBtn.swift */ = {isa = PBXFileReference; lastKnownFileType = sourcecode.swift; path = XMRightImgBtn.swift; sourceTree = "<group>"; };
		5B4DF18825EE3038000FB250 /* PopViewCtr.swift */ = {isa = PBXFileReference; lastKnownFileType = sourcecode.swift; path = PopViewCtr.swift; sourceTree = "<group>"; };
		5B4DF18925EE3038000FB250 /* PopViewCtr.xib */ = {isa = PBXFileReference; lastKnownFileType = file.xib; path = PopViewCtr.xib; sourceTree = "<group>"; };
		5B4DF18D25EE32B5000FB250 /* PopTransitioning.swift */ = {isa = PBXFileReference; lastKnownFileType = sourcecode.swift; path = PopTransitioning.swift; sourceTree = "<group>"; };
		5B4DF19025EE33E7000FB250 /* PopPresentationCtr.swift */ = {isa = PBXFileReference; lastKnownFileType = sourcecode.swift; path = PopPresentationCtr.swift; sourceTree = "<group>"; };
		665DA7FCB7F89212155B757F /* Pods-sinaDemo.release.xcconfig */ = {isa = PBXFileReference; includeInIndex = 1; lastKnownFileType = text.xcconfig; name = "Pods-sinaDemo.release.xcconfig"; path = "Pods/Target Support Files/Pods-sinaDemo/Pods-sinaDemo.release.xcconfig"; sourceTree = "<group>"; };
		7AFEAD67537B57CB3EDDFF00 /* Pods-sinaDemo.debug.xcconfig */ = {isa = PBXFileReference; includeInIndex = 1; lastKnownFileType = text.xcconfig; name = "Pods-sinaDemo.debug.xcconfig"; path = "Pods/Target Support Files/Pods-sinaDemo/Pods-sinaDemo.debug.xcconfig"; sourceTree = "<group>"; };
		8437049525EB4AC10011C53D /* XMTool.swift */ = {isa = PBXFileReference; fileEncoding = 4; lastKnownFileType = sourcecode.swift; path = XMTool.swift; sourceTree = "<group>"; };
		8437049925EB50EF0011C53D /* XMTabBarCtr.swift */ = {isa = PBXFileReference; lastKnownFileType = sourcecode.swift; path = XMTabBarCtr.swift; sourceTree = "<group>"; };
		843704A225EB551A0011C53D /* HomeTableCtr.swift */ = {isa = PBXFileReference; lastKnownFileType = sourcecode.swift; path = HomeTableCtr.swift; sourceTree = "<group>"; };
		843704A625EB55330011C53D /* DiscoverTableCtr.swift */ = {isa = PBXFileReference; lastKnownFileType = sourcecode.swift; path = DiscoverTableCtr.swift; sourceTree = "<group>"; };
		843704A925EB554E0011C53D /* ProfileTableCtr.swift */ = {isa = PBXFileReference; lastKnownFileType = sourcecode.swift; path = ProfileTableCtr.swift; sourceTree = "<group>"; };
		843704AC25EB61920011C53D /* config.json */ = {isa = PBXFileReference; lastKnownFileType = text.json; path = config.json; sourceTree = "<group>"; };
		843704B025EB62900011C53D /* MsgTableCtr.swift */ = {isa = PBXFileReference; lastKnownFileType = sourcecode.swift; path = MsgTableCtr.swift; sourceTree = "<group>"; };
		843704C925EB94090011C53D /* XMStroyBordTbBar.swift */ = {isa = PBXFileReference; lastKnownFileType = sourcecode.swift; path = XMStroyBordTbBar.swift; sourceTree = "<group>"; };
		843704DD25EBA8980011C53D /* Msg.storyboard */ = {isa = PBXFileReference; fileEncoding = 4; lastKnownFileType = file.storyboard; path = Msg.storyboard; sourceTree = "<group>"; };
		843704E025EBA8AF0011C53D /* Home.storyboard */ = {isa = PBXFileReference; fileEncoding = 4; lastKnownFileType = file.storyboard; path = Home.storyboard; sourceTree = "<group>"; };
		843704E325EBA8E30011C53D /* Profile.storyboard */ = {isa = PBXFileReference; fileEncoding = 4; lastKnownFileType = file.storyboard; path = Profile.storyboard; sourceTree = "<group>"; };
		843704E625EBA8EC0011C53D /* DISCOVER.storyboard */ = {isa = PBXFileReference; fileEncoding = 4; lastKnownFileType = file.storyboard; path = DISCOVER.storyboard; sourceTree = "<group>"; };
		843704E925EC88D70011C53D /* XMBaseTableCtr.swift */ = {isa = PBXFileReference; lastKnownFileType = sourcecode.swift; path = XMBaseTableCtr.swift; sourceTree = "<group>"; };
		843704EF25EC8B7E0011C53D /* XMBaseVistorView.swift */ = {isa = PBXFileReference; lastKnownFileType = sourcecode.swift; path = XMBaseVistorView.swift; sourceTree = "<group>"; };
		843704F225EC8B930011C53D /* XMBaseVistorView.xib */ = {isa = PBXFileReference; lastKnownFileType = file.xib; path = XMBaseVistorView.xib; sourceTree = "<group>"; };
		84F5001325E901D50096DA8B /* sinaDemo.app */ = {isa = PBXFileReference; explicitFileType = wrapper.application; includeInIndex = 0; path = sinaDemo.app; sourceTree = BUILT_PRODUCTS_DIR; };
		84F5001625E901D50096DA8B /* AppDelegate.swift */ = {isa = PBXFileReference; lastKnownFileType = sourcecode.swift; path = AppDelegate.swift; sourceTree = "<group>"; };
		84F5001825E901D50096DA8B /* SceneDelegate.swift */ = {isa = PBXFileReference; lastKnownFileType = sourcecode.swift; path = SceneDelegate.swift; sourceTree = "<group>"; };
		84F5001D25E901D50096DA8B /* Base */ = {isa = PBXFileReference; lastKnownFileType = file.storyboard; name = Base; path = Base.lproj/Main.storyboard; sourceTree = "<group>"; };
		84F5001F25E901D50096DA8B /* Assets.xcassets */ = {isa = PBXFileReference; lastKnownFileType = folder.assetcatalog; path = Assets.xcassets; sourceTree = "<group>"; };
		84F5002225E901D50096DA8B /* Base */ = {isa = PBXFileReference; lastKnownFileType = file.storyboard; name = Base; path = Base.lproj/LaunchScreen.storyboard; sourceTree = "<group>"; };
		84F5002425E901D50096DA8B /* Info.plist */ = {isa = PBXFileReference; lastKnownFileType = text.plist.xml; path = Info.plist; sourceTree = "<group>"; };
		BDB6218A5BF452E1E1893881 /* Pods_sinaDemo.framework */ = {isa = PBXFileReference; explicitFileType = wrapper.framework; includeInIndex = 0; path = Pods_sinaDemo.framework; sourceTree = BUILT_PRODUCTS_DIR; };
/* End PBXFileReference section */

/* Begin PBXFrameworksBuildPhase section */
		84F5001025E901D50096DA8B /* Frameworks */ = {
			isa = PBXFrameworksBuildPhase;
			buildActionMask = 2147483647;
			files = (
				BEFCAE8142BC86147285C2C9 /* Pods_sinaDemo.framework in Frameworks */,
			);
			runOnlyForDeploymentPostprocessing = 0;
		};
/* End PBXFrameworksBuildPhase section */

/* Begin PBXGroup section */
		0ACCA20824EB02201AA63B78 /* Pods */ = {
			isa = PBXGroup;
			children = (
				7AFEAD67537B57CB3EDDFF00 /* Pods-sinaDemo.debug.xcconfig */,
				665DA7FCB7F89212155B757F /* Pods-sinaDemo.release.xcconfig */,
			);
			name = Pods;
			sourceTree = "<group>";
		};
		16841A8E7BB3C2A85D5DE6A5 /* Frameworks */ = {
			isa = PBXGroup;
			children = (
				BDB6218A5BF452E1E1893881 /* Pods_sinaDemo.framework */,
			);
			name = Frameworks;
			sourceTree = "<group>";
		};
		5B3C067B25F0788C00D426F9 /* AutoLoginCtr */ = {
			isa = PBXGroup;
			children = (
				5B3C067C25F078AA00D426F9 /* AutoLoginCtr.swift */,
				5B3C067D25F078AA00D426F9 /* AutoLoginCtr.xib */,
				5B3C068725F0865300D426F9 /* KeysTool.swift */,
				5B3C06A225F0EE9600D426F9 /* UserCountManager.swift */,
			);
			path = AutoLoginCtr;
			sourceTree = "<group>";
		};
		5B3C068E25F08AB900D426F9 /* network */ = {
			isa = PBXGroup;
			children = (
				5B3C068F25F08AE100D426F9 /* XMNetWorkTool.swift */,
			);
			path = network;
			sourceTree = "<group>";
		};
		5B3C06A525F1D5F300D426F9 /* welcomeCtr */ = {
			isa = PBXGroup;
			children = (
				5B3C06A625F1D77300D426F9 /* WelcomeCtr.swift */,
				5B3C06A725F1D77300D426F9 /* WelcomeCtr.xib */,
			);
			path = welcomeCtr;
			sourceTree = "<group>";
		};
		5B4DF17F25EE261F000FB250 /* extensions */ = {
			isa = PBXGroup;
			children = (
				5B4DF18025EE2693000FB250 /* UIBarItemExtension.swift */,
			);
			path = extensions;
			sourceTree = "<group>";
		};
		5B4DF18725EE2FE2000FB250 /* UIpopVc */ = {
			isa = PBXGroup;
			children = (
				5B4DF18825EE3038000FB250 /* PopViewCtr.swift */,
				5B4DF18925EE3038000FB250 /* PopViewCtr.xib */,
				5B4DF18D25EE32B5000FB250 /* PopTransitioning.swift */,
				5B4DF19025EE33E7000FB250 /* PopPresentationCtr.swift */,
			);
			path = UIpopVc;
			sourceTree = "<group>";
		};
		8437048F25EB4AC10011C53D /* Discover */ = {
			isa = PBXGroup;
			children = (
				843704E625EBA8EC0011C53D /* DISCOVER.storyboard */,
				843704A625EB55330011C53D /* DiscoverTableCtr.swift */,
			);
			path = Discover;
			sourceTree = "<group>";
		};
		8437049025EB4AC10011C53D /* Main */ = {
			isa = PBXGroup;
			children = (
				5B3C06A525F1D5F300D426F9 /* welcomeCtr */,
				5B3C067B25F0788C00D426F9 /* AutoLoginCtr */,
				8437049925EB50EF0011C53D /* XMTabBarCtr.swift */,
				843704C925EB94090011C53D /* XMStroyBordTbBar.swift */,
				843704E925EC88D70011C53D /* XMBaseTableCtr.swift */,
				843704EF25EC8B7E0011C53D /* XMBaseVistorView.swift */,
				843704F225EC8B930011C53D /* XMBaseVistorView.xib */,
			);
			path = Main;
			sourceTree = "<group>";
		};
		8437049125EB4AC10011C53D /* Profile */ = {
			isa = PBXGroup;
			children = (
				843704E325EBA8E30011C53D /* Profile.storyboard */,
				843704A925EB554E0011C53D /* ProfileTableCtr.swift */,
			);
			path = Profile;
			sourceTree = "<group>";
		};
		8437049225EB4AC10011C53D /* Home */ = {
			isa = PBXGroup;
			children = (
				5B4DF18725EE2FE2000FB250 /* UIpopVc */,
				843704E025EBA8AF0011C53D /* Home.storyboard */,
				843704A225EB551A0011C53D /* HomeTableCtr.swift */,
			);
			path = Home;
			sourceTree = "<group>";
		};
		8437049425EB4AC10011C53D /* Tool */ = {
			isa = PBXGroup;
			children = (
				5B3C068E25F08AB900D426F9 /* network */,
				5B4DF17F25EE261F000FB250 /* extensions */,
				8437049525EB4AC10011C53D /* XMTool.swift */,
				5B4DF18325EE290B000FB250 /* XMRightImgBtn.swift */,
				5B4D0CB125EE52F700F516D4 /* Then.swift */,
			);
			path = Tool;
			sourceTree = "<group>";
		};
		843704AF25EB62730011C53D /* Msg */ = {
			isa = PBXGroup;
			children = (
				843704DD25EBA8980011C53D /* Msg.storyboard */,
				843704B025EB62900011C53D /* MsgTableCtr.swift */,
			);
			path = Msg;
			sourceTree = "<group>";
		};
		84F5000A25E901D50096DA8B = {
			isa = PBXGroup;
			children = (
				84F5001525E901D50096DA8B /* sinaDemo */,
				84F5001425E901D50096DA8B /* Products */,
				0ACCA20824EB02201AA63B78 /* Pods */,
				16841A8E7BB3C2A85D5DE6A5 /* Frameworks */,
			);
			sourceTree = "<group>";
		};
		84F5001425E901D50096DA8B /* Products */ = {
			isa = PBXGroup;
			children = (
				84F5001325E901D50096DA8B /* sinaDemo.app */,
			);
			name = Products;
			sourceTree = "<group>";
		};
		84F5001525E901D50096DA8B /* sinaDemo */ = {
			isa = PBXGroup;
			children = (
				8437049025EB4AC10011C53D /* Main */,
				8437049225EB4AC10011C53D /* Home */,
				843704AF25EB62730011C53D /* Msg */,
				8437048F25EB4AC10011C53D /* Discover */,
				8437049125EB4AC10011C53D /* Profile */,
				8437049425EB4AC10011C53D /* Tool */,
				84F5001625E901D50096DA8B /* AppDelegate.swift */,
				84F5001825E901D50096DA8B /* SceneDelegate.swift */,
				84F5001C25E901D50096DA8B /* Main.storyboard */,
				84F5001F25E901D50096DA8B /* Assets.xcassets */,
				84F5002125E901D50096DA8B /* LaunchScreen.storyboard */,
				84F5002425E901D50096DA8B /* Info.plist */,
				843704AC25EB61920011C53D /* config.json */,
			);
			path = sinaDemo;
			sourceTree = "<group>";
		};
/* End PBXGroup section */

/* Begin PBXNativeTarget section */
		84F5001225E901D50096DA8B /* sinaDemo */ = {
			isa = PBXNativeTarget;
			buildConfigurationList = 84F5002725E901D50096DA8B /* Build configuration list for PBXNativeTarget "sinaDemo" */;
			buildPhases = (
				206407A46D4E64E3882FF4B1 /* [CP] Check Pods Manifest.lock */,
				84F5000F25E901D50096DA8B /* Sources */,
				84F5001025E901D50096DA8B /* Frameworks */,
				84F5001125E901D50096DA8B /* Resources */,
				17473AE7A2DB4E5C46AD3FAD /* [CP] Embed Pods Frameworks */,
			);
			buildRules = (
			);
			dependencies = (
			);
			name = sinaDemo;
			productName = sinaDemo;
			productReference = 84F5001325E901D50096DA8B /* sinaDemo.app */;
			productType = "com.apple.product-type.application";
		};
/* End PBXNativeTarget section */

/* Begin PBXProject section */
		84F5000B25E901D50096DA8B /* Project object */ = {
			isa = PBXProject;
			attributes = {
				LastSwiftUpdateCheck = 1240;
				LastUpgradeCheck = 1240;
				TargetAttributes = {
					84F5001225E901D50096DA8B = {
						CreatedOnToolsVersion = 12.4;
					};
				};
			};
			buildConfigurationList = 84F5000E25E901D50096DA8B /* Build configuration list for PBXProject "sinaDemo" */;
			compatibilityVersion = "Xcode 9.3";
			developmentRegion = en;
			hasScannedForEncodings = 0;
			knownRegions = (
				en,
				Base,
			);
			mainGroup = 84F5000A25E901D50096DA8B;
			productRefGroup = 84F5001425E901D50096DA8B /* Products */;
			projectDirPath = "";
			projectRoot = "";
			targets = (
				84F5001225E901D50096DA8B /* sinaDemo */,
			);
		};
/* End PBXProject section */

/* Begin PBXResourcesBuildPhase section */
		84F5001125E901D50096DA8B /* Resources */ = {
			isa = PBXResourcesBuildPhase;
			buildActionMask = 2147483647;
			files = (
				84F5002325E901D50096DA8B /* LaunchScreen.storyboard in Resources */,
				843704E725EBA8EC0011C53D /* DISCOVER.storyboard in Resources */,
				843704DE25EBA8980011C53D /* Msg.storyboard in Resources */,
				5B3C067F25F078AB00D426F9 /* AutoLoginCtr.xib in Resources */,
				843704AD25EB61920011C53D /* config.json in Resources */,
				84F5002025E901D50096DA8B /* Assets.xcassets in Resources */,
				84F5001E25E901D50096DA8B /* Main.storyboard in Resources */,
				5B4DF18B25EE3038000FB250 /* PopViewCtr.xib in Resources */,
				5B3C06A925F1D77300D426F9 /* WelcomeCtr.xib in Resources */,
				843704E425EBA8E30011C53D /* Profile.storyboard in Resources */,
				843704E125EBA8AF0011C53D /* Home.storyboard in Resources */,
				843704F325EC8B930011C53D /* XMBaseVistorView.xib in Resources */,
			);
			runOnlyForDeploymentPostprocessing = 0;
		};
/* End PBXResourcesBuildPhase section */

/* Begin PBXShellScriptBuildPhase section */
		17473AE7A2DB4E5C46AD3FAD /* [CP] Embed Pods Frameworks */ = {
			isa = PBXShellScriptBuildPhase;
			buildActionMask = 2147483647;
			files = (
			);
			inputFileListPaths = (
			);
			inputPaths = (
				"${SRCROOT}/Pods/Target Support Files/Pods-sinaDemo/Pods-sinaDemo-frameworks.sh",
				"${BUILT_PRODUCTS_DIR}/AFNetworking/AFNetworking.framework",
				"${BUILT_PRODUCTS_DIR}/AutoInch/AutoInch.framework",
				"${BUILT_PRODUCTS_DIR}/YYModel/YYModel.framework",
			);
			name = "[CP] Embed Pods Frameworks";
			outputFileListPaths = (
			);
			outputPaths = (
				"${TARGET_BUILD_DIR}/${FRAMEWORKS_FOLDER_PATH}/AFNetworking.framework",
				"${TARGET_BUILD_DIR}/${FRAMEWORKS_FOLDER_PATH}/AutoInch.framework",
				"${TARGET_BUILD_DIR}/${FRAMEWORKS_FOLDER_PATH}/YYModel.framework",
			);
			runOnlyForDeploymentPostprocessing = 0;
			shellPath = /bin/sh;
			shellScript = "\"${SRCROOT}/Pods/Target Support Files/Pods-sinaDemo/Pods-sinaDemo-frameworks.sh\"\n";
			showEnvVarsInLog = 0;
		};
		206407A46D4E64E3882FF4B1 /* [CP] Check Pods Manifest.lock */ = {
			isa = PBXShellScriptBuildPhase;
			buildActionMask = 2147483647;
			files = (
			);
			inputFileListPaths = (
			);
			inputPaths = (
				"${PODS_PODFILE_DIR_PATH}/Podfile.lock",
				"${PODS_ROOT}/Manifest.lock",
			);
			name = "[CP] Check Pods Manifest.lock";
			outputFileListPaths = (
			);
			outputPaths = (
				"$(DERIVED_FILE_DIR)/Pods-sinaDemo-checkManifestLockResult.txt",
			);
			runOnlyForDeploymentPostprocessing = 0;
			shellPath = /bin/sh;
			shellScript = "diff \"${PODS_PODFILE_DIR_PATH}/Podfile.lock\" \"${PODS_ROOT}/Manifest.lock\" > /dev/null\nif [ $? != 0 ] ; then\n    # print error to STDERR\n    echo \"error: The sandbox is not in sync with the Podfile.lock. Run 'pod install' or update your CocoaPods installation.\" >&2\n    exit 1\nfi\n# This output is used by Xcode 'outputs' to avoid re-running this script phase.\necho \"SUCCESS\" > \"${SCRIPT_OUTPUT_FILE_0}\"\n";
			showEnvVarsInLog = 0;
		};
/* End PBXShellScriptBuildPhase section */

/* Begin PBXSourcesBuildPhase section */
		84F5000F25E901D50096DA8B /* Sources */ = {
			isa = PBXSourcesBuildPhase;
			buildActionMask = 2147483647;
			files = (
				843704F025EC8B7E0011C53D /* XMBaseVistorView.swift in Sources */,
				84F5001725E901D50096DA8B /* AppDelegate.swift in Sources */,
				5B4D0CB225EE52F700F516D4 /* Then.swift in Sources */,
				8437049725EB4AC10011C53D /* XMTool.swift in Sources */,
				843704AA25EB554E0011C53D /* ProfileTableCtr.swift in Sources */,
				843704CA25EB94090011C53D /* XMStroyBordTbBar.swift in Sources */,
				5B3C06A825F1D77300D426F9 /* WelcomeCtr.swift in Sources */,
				84F5001925E901D50096DA8B /* SceneDelegate.swift in Sources */,
				5B4DF18125EE2693000FB250 /* UIBarItemExtension.swift in Sources */,
				5B4DF19125EE33E7000FB250 /* PopPresentationCtr.swift in Sources */,
				5B4DF18E25EE32B5000FB250 /* PopTransitioning.swift in Sources */,
				843704A725EB55330011C53D /* DiscoverTableCtr.swift in Sources */,
				843704B125EB62900011C53D /* MsgTableCtr.swift in Sources */,
				5B3C068825F0865300D426F9 /* KeysTool.swift in Sources */,
				5B3C067E25F078AB00D426F9 /* AutoLoginCtr.swift in Sources */,
				8437049A25EB50EF0011C53D /* XMTabBarCtr.swift in Sources */,
				5B4DF18A25EE3038000FB250 /* PopViewCtr.swift in Sources */,
				843704EB25EC88D70011C53D /* XMBaseTableCtr.swift in Sources */,
				843704A325EB551A0011C53D /* HomeTableCtr.swift in Sources */,
				5B4DF18425EE290B000FB250 /* XMRightImgBtn.swift in Sources */,
				5B3C069025F08AE100D426F9 /* XMNetWorkTool.swift in Sources */,
				5B3C06A325F0EE9600D426F9 /* UserCountManager.swift in Sources */,
			);
			runOnlyForDeploymentPostprocessing = 0;
		};
/* End PBXSourcesBuildPhase section */

/* Begin PBXVariantGroup section */
		84F5001C25E901D50096DA8B /* Main.storyboard */ = {
			isa = PBXVariantGroup;
			children = (
				84F5001D25E901D50096DA8B /* Base */,
			);
			name = Main.storyboard;
			sourceTree = "<group>";
		};
		84F5002125E901D50096DA8B /* LaunchScreen.storyboard */ = {
			isa = PBXVariantGroup;
			children = (
				84F5002225E901D50096DA8B /* Base */,
			);
			name = LaunchScreen.storyboard;
			sourceTree = "<group>";
		};
/* End PBXVariantGroup section */

/* Begin XCBuildConfiguration section */
		84F5002525E901D50096DA8B /* Debug */ = {
			isa = XCBuildConfiguration;
			buildSettings = {
				ALWAYS_SEARCH_USER_PATHS = NO;
				CLANG_ANALYZER_NONNULL = YES;
				CLANG_ANALYZER_NUMBER_OBJECT_CONVERSION = YES_AGGRESSIVE;
				CLANG_CXX_LANGUAGE_STANDARD = "gnu++14";
				CLANG_CXX_LIBRARY = "libc++";
				CLANG_ENABLE_MODULES = YES;
				CLANG_ENABLE_OBJC_ARC = YES;
				CLANG_ENABLE_OBJC_WEAK = YES;
				CLANG_WARN_BLOCK_CAPTURE_AUTORELEASING = YES;
				CLANG_WARN_BOOL_CONVERSION = YES;
				CLANG_WARN_COMMA = YES;
				CLANG_WARN_CONSTANT_CONVERSION = YES;
				CLANG_WARN_DEPRECATED_OBJC_IMPLEMENTATIONS = YES;
				CLANG_WARN_DIRECT_OBJC_ISA_USAGE = YES_ERROR;
				CLANG_WARN_DOCUMENTATION_COMMENTS = YES;
				CLANG_WARN_EMPTY_BODY = YES;
				CLANG_WARN_ENUM_CONVERSION = YES;
				CLANG_WARN_INFINITE_RECURSION = YES;
				CLANG_WARN_INT_CONVERSION = YES;
				CLANG_WARN_NON_LITERAL_NULL_CONVERSION = YES;
				CLANG_WARN_OBJC_IMPLICIT_RETAIN_SELF = YES;
				CLANG_WARN_OBJC_LITERAL_CONVERSION = YES;
				CLANG_WARN_OBJC_ROOT_CLASS = YES_ERROR;
				CLANG_WARN_QUOTED_INCLUDE_IN_FRAMEWORK_HEADER = YES;
				CLANG_WARN_RANGE_LOOP_ANALYSIS = YES;
				CLANG_WARN_STRICT_PROTOTYPES = YES;
				CLANG_WARN_SUSPICIOUS_MOVE = YES;
				CLANG_WARN_UNGUARDED_AVAILABILITY = YES_AGGRESSIVE;
				CLANG_WARN_UNREACHABLE_CODE = YES;
				CLANG_WARN__DUPLICATE_METHOD_MATCH = YES;
				COPY_PHASE_STRIP = NO;
				DEBUG_INFORMATION_FORMAT = dwarf;
				ENABLE_STRICT_OBJC_MSGSEND = YES;
				ENABLE_TESTABILITY = YES;
				GCC_C_LANGUAGE_STANDARD = gnu11;
				GCC_DYNAMIC_NO_PIC = NO;
				GCC_NO_COMMON_BLOCKS = YES;
				GCC_OPTIMIZATION_LEVEL = 0;
				GCC_PREPROCESSOR_DEFINITIONS = (
					"DEBUG=1",
					"$(inherited)",
				);
				GCC_WARN_64_TO_32_BIT_CONVERSION = YES;
				GCC_WARN_ABOUT_RETURN_TYPE = YES_ERROR;
				GCC_WARN_UNDECLARED_SELECTOR = YES;
				GCC_WARN_UNINITIALIZED_AUTOS = YES_AGGRESSIVE;
				GCC_WARN_UNUSED_FUNCTION = YES;
				GCC_WARN_UNUSED_VARIABLE = YES;
				IPHONEOS_DEPLOYMENT_TARGET = 12.0;
				MTL_ENABLE_DEBUG_INFO = INCLUDE_SOURCE;
				MTL_FAST_MATH = YES;
				ONLY_ACTIVE_ARCH = YES;
				SDKROOT = iphoneos;
				SWIFT_ACTIVE_COMPILATION_CONDITIONS = DEBUG;
				SWIFT_OPTIMIZATION_LEVEL = "-Onone";
			};
			name = Debug;
		};
		84F5002625E901D50096DA8B /* Release */ = {
			isa = XCBuildConfiguration;
			buildSettings = {
				ALWAYS_SEARCH_USER_PATHS = NO;
				CLANG_ANALYZER_NONNULL = YES;
				CLANG_ANALYZER_NUMBER_OBJECT_CONVERSION = YES_AGGRESSIVE;
				CLANG_CXX_LANGUAGE_STANDARD = "gnu++14";
				CLANG_CXX_LIBRARY = "libc++";
				CLANG_ENABLE_MODULES = YES;
				CLANG_ENABLE_OBJC_ARC = YES;
				CLANG_ENABLE_OBJC_WEAK = YES;
				CLANG_WARN_BLOCK_CAPTURE_AUTORELEASING = YES;
				CLANG_WARN_BOOL_CONVERSION = YES;
				CLANG_WARN_COMMA = YES;
				CLANG_WARN_CONSTANT_CONVERSION = YES;
				CLANG_WARN_DEPRECATED_OBJC_IMPLEMENTATIONS = YES;
				CLANG_WARN_DIRECT_OBJC_ISA_USAGE = YES_ERROR;
				CLANG_WARN_DOCUMENTATION_COMMENTS = YES;
				CLANG_WARN_EMPTY_BODY = YES;
				CLANG_WARN_ENUM_CONVERSION = YES;
				CLANG_WARN_INFINITE_RECURSION = YES;
				CLANG_WARN_INT_CONVERSION = YES;
				CLANG_WARN_NON_LITERAL_NULL_CONVERSION = YES;
				CLANG_WARN_OBJC_IMPLICIT_RETAIN_SELF = YES;
				CLANG_WARN_OBJC_LITERAL_CONVERSION = YES;
				CLANG_WARN_OBJC_ROOT_CLASS = YES_ERROR;
				CLANG_WARN_QUOTED_INCLUDE_IN_FRAMEWORK_HEADER = YES;
				CLANG_WARN_RANGE_LOOP_ANALYSIS = YES;
				CLANG_WARN_STRICT_PROTOTYPES = YES;
				CLANG_WARN_SUSPICIOUS_MOVE = YES;
				CLANG_WARN_UNGUARDED_AVAILABILITY = YES_AGGRESSIVE;
				CLANG_WARN_UNREACHABLE_CODE = YES;
				CLANG_WARN__DUPLICATE_METHOD_MATCH = YES;
				COPY_PHASE_STRIP = NO;
				DEBUG_INFORMATION_FORMAT = "dwarf-with-dsym";
				ENABLE_NS_ASSERTIONS = NO;
				ENABLE_STRICT_OBJC_MSGSEND = YES;
				GCC_C_LANGUAGE_STANDARD = gnu11;
				GCC_NO_COMMON_BLOCKS = YES;
				GCC_WARN_64_TO_32_BIT_CONVERSION = YES;
				GCC_WARN_ABOUT_RETURN_TYPE = YES_ERROR;
				GCC_WARN_UNDECLARED_SELECTOR = YES;
				GCC_WARN_UNINITIALIZED_AUTOS = YES_AGGRESSIVE;
				GCC_WARN_UNUSED_FUNCTION = YES;
				GCC_WARN_UNUSED_VARIABLE = YES;
				IPHONEOS_DEPLOYMENT_TARGET = 12.0;
				MTL_ENABLE_DEBUG_INFO = NO;
				MTL_FAST_MATH = YES;
				SDKROOT = iphoneos;
				SWIFT_COMPILATION_MODE = wholemodule;
				SWIFT_OPTIMIZATION_LEVEL = "-O";
				VALIDATE_PRODUCT = YES;
			};
			name = Release;
		};
		84F5002825E901D50096DA8B /* Debug */ = {
			isa = XCBuildConfiguration;
			baseConfigurationReference = 7AFEAD67537B57CB3EDDFF00 /* Pods-sinaDemo.debug.xcconfig */;
			buildSettings = {
				ASSETCATALOG_COMPILER_APPICON_NAME = AppIcon;
				ASSETCATALOG_COMPILER_GLOBAL_ACCENT_COLOR_NAME = AccentColor;
				CODE_SIGN_STYLE = Automatic;
				DEVELOPMENT_TEAM = 885Y7599LZ;
				INFOPLIST_FILE = sinaDemo/Info.plist;
				LD_RUNPATH_SEARCH_PATHS = (
					"$(inherited)",
					"@executable_path/Frameworks",
				);
				PRODUCT_BUNDLE_IDENTIFIER = com.sinaDemo;
				PRODUCT_NAME = "$(TARGET_NAME)";
				SWIFT_VERSION = 5.0;
				TARGETED_DEVICE_FAMILY = "1,2";
			};
			name = Debug;
		};
		84F5002925E901D50096DA8B /* Release */ = {
			isa = XCBuildConfiguration;
			baseConfigurationReference = 665DA7FCB7F89212155B757F /* Pods-sinaDemo.release.xcconfig */;
			buildSettings = {
				ASSETCATALOG_COMPILER_APPICON_NAME = AppIcon;
				ASSETCATALOG_COMPILER_GLOBAL_ACCENT_COLOR_NAME = AccentColor;
				CODE_SIGN_STYLE = Automatic;
				DEVELOPMENT_TEAM = 885Y7599LZ;
				INFOPLIST_FILE = sinaDemo/Info.plist;
				LD_RUNPATH_SEARCH_PATHS = (
					"$(inherited)",
					"@executable_path/Frameworks",
				);
				PRODUCT_BUNDLE_IDENTIFIER = com.sinaDemo;
				PRODUCT_NAME = "$(TARGET_NAME)";
				SWIFT_VERSION = 5.0;
				TARGETED_DEVICE_FAMILY = "1,2";
			};
			name = Release;
		};
/* End XCBuildConfiguration section */

/* Begin XCConfigurationList section */
		84F5000E25E901D50096DA8B /* Build configuration list for PBXProject "sinaDemo" */ = {
			isa = XCConfigurationList;
			buildConfigurations = (
				84F5002525E901D50096DA8B /* Debug */,
				84F5002625E901D50096DA8B /* Release */,
			);
			defaultConfigurationIsVisible = 0;
			defaultConfigurationName = Release;
		};
		84F5002725E901D50096DA8B /* Build configuration list for PBXNativeTarget "sinaDemo" */ = {
			isa = XCConfigurationList;
			buildConfigurations = (
				84F5002825E901D50096DA8B /* Debug */,
				84F5002925E901D50096DA8B /* Release */,
			);
			defaultConfigurationIsVisible = 0;
			defaultConfigurationName = Release;
		};
/* End XCConfigurationList section */
	};
	rootObject = 84F5000B25E901D50096DA8B /* Project object */;
}
